# THIS IS AN AUTOGENERATED FILE. DO NOT EDIT THIS FILE DIRECTLY.
# yarn lockfile v1


"@prisma/client@^6.1.0":
  version "6.1.0"
  resolved "https://registry.yarnpkg.com/@prisma/client/-/client-6.1.0.tgz#179d3b70586e7be522f6f1f0a82cca01396f719a"
  integrity sha512-AbQYc5+EJKm1Ydfq3KxwcGiy7wIbm4/QbjCKWWoNROtvy7d6a3gmAGkKjK0iUCzh+rHV8xDhD5Cge8ke/kiy5Q==

"@prisma/debug@6.1.0":
  version "6.1.0"
  resolved "https://registry.yarnpkg.com/@prisma/debug/-/debug-6.1.0.tgz#a27a1d144f72a3bc95061ecb0255e7554d9d59ec"
  integrity sha512-0himsvcM4DGBTtvXkd2Tggv6sl2JyUYLzEGXXleFY+7Kp6rZeSS3hiTW9mwtUlXrwYbJP6pwlVNB7jYElrjWUg==

"@prisma/engines-version@6.1.0-21.11f085a2012c0f4778414c8db2651556ee0ef959":
  version "6.1.0-21.11f085a2012c0f4778414c8db2651556ee0ef959"
  resolved "https://registry.yarnpkg.com/@prisma/engines-version/-/engines-version-6.1.0-21.11f085a2012c0f4778414c8db2651556ee0ef959.tgz#0b21ebf57362ffe35d0760c39855f90bbfa0f2fd"
  integrity sha512-PdJqmYM2Fd8K0weOOtQThWylwjsDlTig+8Pcg47/jszMuLL9iLIaygC3cjWJLda69siRW4STlCTMSgOjZzvKPQ==

"@prisma/engines@6.1.0":
  version "6.1.0"
  resolved "https://registry.yarnpkg.com/@prisma/engines/-/engines-6.1.0.tgz#2195244a8ce33839a8131e4465624e21d1f8d042"
  integrity sha512-GnYJbCiep3Vyr1P/415ReYrgJUjP79fBNc1wCo7NP6Eia0CzL2Ot9vK7Infczv3oK7JLrCcawOSAxFxNFsAERQ==
  dependencies:
    "@prisma/debug" "6.1.0"
    "@prisma/engines-version" "6.1.0-21.11f085a2012c0f4778414c8db2651556ee0ef959"
    "@prisma/fetch-engine" "6.1.0"
    "@prisma/get-platform" "6.1.0"

"@prisma/fetch-engine@6.1.0":
  version "6.1.0"
  resolved "https://registry.yarnpkg.com/@prisma/fetch-engine/-/fetch-engine-6.1.0.tgz#2a5174787bf57c9b1d5d400bb923e0dc6a73a794"
  integrity sha512-asdFi7TvPlEZ8CzSZ/+Du5wZ27q6OJbRSXh+S8ISZguu+S9KtS/gP7NeXceZyb1Jv1SM1S5YfiCv+STDsG6rrg==
  dependencies:
    "@prisma/debug" "6.1.0"
    "@prisma/engines-version" "6.1.0-21.11f085a2012c0f4778414c8db2651556ee0ef959"
    "@prisma/get-platform" "6.1.0"

"@prisma/get-platform@6.1.0":
  version "6.1.0"
  resolved "https://registry.yarnpkg.com/@prisma/get-platform/-/get-platform-6.1.0.tgz#d4394a24ef91af6675a92382ed40e6e6e07eeb13"
  integrity sha512-ia8bNjboBoHkmKGGaWtqtlgQOhCi7+f85aOkPJKgNwWvYrT6l78KgojLekE8zMhVk0R9lWcifV0Pf8l3/15V0Q==
  dependencies:
    "@prisma/debug" "6.1.0"

fsevents@2.3.3:
  version "2.3.3"
  resolved "https://registry.yarnpkg.com/fsevents/-/fsevents-2.3.3.tgz#cac6407785d03675a2a5e1a5305c697b347d90d6"
  integrity sha512-5xoDfX+fL7faATnagmWPpbFtwh/R77WmMMqqHGS65C3vvB0YHrgF+B1YmZ3441tMj5n63k0212XNoJwzlhffQw==

prisma@^6.1.0:
  version "6.1.0"
  resolved "https://registry.yarnpkg.com/prisma/-/prisma-6.1.0.tgz#738f657fdd5ab8e6775f385db81bf7e61c70fbaf"
  integrity sha512-aFI3Yi+ApUxkwCJJwyQSwpyzUX7YX3ihzuHNHOyv4GJg3X5tQsmRaJEnZ+ZyfHpMtnyahhmXVfbTZ+lS8ZtfKw==
  dependencies:
    "@prisma/engines" "6.1.0"
  optionalDependencies:
    fsevents "2.3.3"

typescript@^5.7.2:
  version "5.7.2"
  resolved "https://registry.yarnpkg.com/typescript/-/typescript-5.7.2.tgz#3169cf8c4c8a828cde53ba9ecb3d2b1d5dd67be6"
  integrity sha512-i5t66RHxDvVN40HfDd1PsEThGNnlMCMT3jMUuoh9/0TaqWevNontacunWyN02LA9/fIbEWlcHZcgTKb9QoaLfg==
